<?xml version="1.0" encoding="utf-8"?>
<Project ToolsVersion="4.0" xmlns="http://schemas.microsoft.com/developer/msbuild/2003">
  <ItemGroup>
    <Filter Include="Source Files">
      <UniqueIdentifier>{4FC737F1-C7A5-4376-A066-2A32D752A2FF}</UniqueIdentifier>
      <Extensions>cpp;c;cc;cxx;def;odl;idl;hpj;bat;asm;asmx</Extensions>
    </Filter>
    <Filter Include="Header Files">
      <UniqueIdentifier>{93995380-89BD-4b04-88EB-625FBE52EBFB}</UniqueIdentifier>
      <Extensions>h;hh;hpp;hxx;hm;inl;inc;xsd</Extensions>
    </Filter>
    <Filter Include="Resource Files">
      <UniqueIdentifier>{67DA6AB6-F800-4c08-8B7A-83BB121AAD01}</UniqueIdentifier>
      <Extensions>qrc;rc;ico;cur;bmp;dlg;rc2;rct;bin;rgs;gif;jpg;jpeg;jpe;resx;tiff;tif;png;wav;mfcribbon-ms</Extensions>
    </Filter>
    <Filter Include="Form Files">
      <UniqueIdentifier>{99349809-55BA-4b9d-BF79-8FDBB0286EB3}</UniqueIdentifier>
      <Extensions>ui</Extensions>
    </Filter>
    <Filter Include="Translation Files">
      <UniqueIdentifier>{639EADAA-A684-42e4-A9AD-28FC9BCB8F7C}</UniqueIdentifier>
      <Extensions>ts</Extensions>
    </Filter>
    <Filter Include="Header Files\Domain">
      <UniqueIdentifier>{c9bf7c08-bacd-45e7-bdff-c29d33a08fb9}</UniqueIdentifier>
    </Filter>
    <Filter Include="Header Files\Repository">
      <UniqueIdentifier>{74711b57-33b6-47a6-8710-3ee4a530827c}</UniqueIdentifier>
    </Filter>
    <Filter Include="Header Files\Service">
      <UniqueIdentifier>{40c6c909-235d-462c-911a-34f26ee547d1}</UniqueIdentifier>
    </Filter>
    <Filter Include="Header Files\GUI">
      <UniqueIdentifier>{f697fb7c-163c-4563-af12-eb3c707b263d}</UniqueIdentifier>
    </Filter>
    <Filter Include="Source Files\Domain">
      <UniqueIdentifier>{9f50e2a3-bace-4f9b-b24a-4a2913531f7e}</UniqueIdentifier>
    </Filter>
    <Filter Include="Source Files\GUI">
      <UniqueIdentifier>{a1666c92-0857-4fb9-a748-ae818b8af026}</UniqueIdentifier>
    </Filter>
    <Filter Include="Source Files\Service">
      <UniqueIdentifier>{c3d2c2f9-c16e-49db-94b1-8921b34bb327}</UniqueIdentifier>
    </Filter>
    <Filter Include="Header Files\GUI\Models">
      <UniqueIdentifier>{ce676092-81c5-4fb6-8e24-0fb61dd3c1e8}</UniqueIdentifier>
    </Filter>
    <Filter Include="Source Files\GUI\Models">
      <UniqueIdentifier>{ced970aa-1ef6-4a53-8621-9845dd50794c}</UniqueIdentifier>
    </Filter>
    <Filter Include="Header Files\GUI\Delegates">
      <UniqueIdentifier>{bd7c13ff-30a3-4a9f-800a-d36323a00344}</UniqueIdentifier>
    </Filter>
    <Filter Include="Source Files\GUI\Delegates">
      <UniqueIdentifier>{4809aae9-11ef-4773-98f8-e6d8c30fd3e7}</UniqueIdentifier>
    </Filter>
  </ItemGroup>
  <ItemGroup>
    <QtRcc Include="A11_12.qrc">
      <Filter>Resource Files</Filter>
    </QtRcc>
  </ItemGroup>
  <ItemGroup>
    <ClCompile Include="main.cpp">
      <Filter>Source Files</Filter>
    </ClCompile>
    <ClCompile Include="DomainValidator.cpp">
      <Filter>Source Files\Domain</Filter>
    </ClCompile>
    <ClCompile Include="Exception.cpp">
      <Filter>Source Files\Domain</Filter>
    </ClCompile>
    <ClCompile Include="TrenchCoat.cpp">
      <Filter>Source Files\Domain</Filter>
    </ClCompile>
    <ClCompile Include="ServiceShoppingCart.cpp">
      <Filter>Source Files\Service</Filter>
    </ClCompile>
    <ClCompile Include="ServiceTrenchCoat.cpp">
      <Filter>Source Files\Service</Filter>
    </ClCompile>
    <ClCompile Include="GUIAdmin.cpp">
      <Filter>Source Files\GUI</Filter>
    </ClCompile>
    <ClCompile Include="GUIUser.cpp">
      <Filter>Source Files\GUI</Filter>
    </ClCompile>
    <ClCompile Include="GUI.cpp">
      <Filter>Source Files\GUI</Filter>
    </ClCompile>
    <ClCompile Include="GUIChart.cpp">
      <Filter>Source Files\GUI</Filter>
    </ClCompile>
    <ClCompile Include="ModelTrenchCoat.cpp">
      <Filter>Source Files\GUI\Models</Filter>
    </ClCompile>
    <ClCompile Include="ModelShoppingCart.cpp">
      <Filter>Source Files\GUI\Models</Filter>
    </ClCompile>
    <ClCompile Include="ColorDelegate.cpp">
      <Filter>Source Files\GUI\Delegates</Filter>
    </ClCompile>
    <ClCompile Include="Action.cpp">
      <Filter>Source Files\Service</Filter>
    </ClCompile>
    <ClCompile Include="GUIShoppingCart.cpp">
      <Filter>Source Files\GUI</Filter>
    </ClCompile>
  </ItemGroup>
  <ItemGroup>
    <QtUic Include="GUIAdmin.ui">
      <Filter>Form Files</Filter>
    </QtUic>
    <QtUic Include="GUI.ui">
      <Filter>Form Files</Filter>
    </QtUic>
    <QtUic Include="GUIUser.ui">
      <Filter>Form Files</Filter>
    </QtUic>
    <QtUic Include="GUIChart.ui">
      <Filter>Form Files</Filter>
    </QtUic>
    <QtUic Include="GUIShoppingCart.ui">
      <Filter>Form Files</Filter>
    </QtUic>
  </ItemGroup>
  <ItemGroup>
    <QtMoc Include="GUIUser.h">
      <Filter>Header Files\GUI</Filter>
    </QtMoc>
    <QtMoc Include="GUI.h">
      <Filter>Header Files\GUI</Filter>
    </QtMoc>
    <QtMoc Include="GUIAdmin.h">
      <Filter>Header Files\GUI</Filter>
    </QtMoc>
    <QtMoc Include="GUIChart.h">
      <Filter>Header Files\GUI</Filter>
    </QtMoc>
    <QtMoc Include="ModelTrenchCoat.h">
      <Filter>Header Files\GUI\Models</Filter>
    </QtMoc>
    <QtMoc Include="ModelShoppingCart.h">
      <Filter>Header Files\GUI\Models</Filter>
    </QtMoc>
    <QtMoc Include="GUIShoppingCart.h">
      <Filter>Header Files\GUI</Filter>
    </QtMoc>
  </ItemGroup>
  <ItemGroup>
    <ClInclude Include="DomainValidator.h">
      <Filter>Header Files\Domain</Filter>
    </ClInclude>
    <ClInclude Include="Exception.h">
      <Filter>Header Files\Domain</Filter>
    </ClInclude>
    <ClInclude Include="TrenchCoat.h">
      <Filter>Header Files\Domain</Filter>
    </ClInclude>
    <ClInclude Include="ServiceTrenchCoat.h">
      <Filter>Header Files\Service</Filter>
    </ClInclude>
    <ClInclude Include="ServiceShoppingCart.h">
      <Filter>Header Files\Service</Filter>
    </ClInclude>
    <ClInclude Include="Repository.h">
      <Filter>Header Files\Repository</Filter>
    </ClInclude>
    <ClInclude Include="Action.h">
      <Filter>Header Files\Service</Filter>
    </ClInclude>
    <ClInclude Include="ColorDelegate.h">
      <Filter>Header Files\GUI\Delegates</Filter>
    </ClInclude>
  </ItemGroup>
  <ItemGroup>
    <None Include="backup_trench_coats.csv">
      <Filter>Resource Files</Filter>
    </None>
    <None Include="trench_coats.csv">
      <Filter>Resource Files</Filter>
    </None>
    <None Include="shopping_cart.csv">
      <Filter>Resource Files</Filter>
    </None>
    <None Include="shopping_cart.html">
      <Filter>Resource Files</Filter>
    </None>
  </ItemGroup>
</Project>